// !$*UTF8*$!
{
	archiveVersion = 1;
	classes = {
	};
	objectVersion = 46;
	objects = {

/* Begin PBXBuildFile section */
		884713C21AAEDDF000B3BD23 /* beachBook.png in Resources */ = {isa = PBXBuildFile; fileRef = 884713C11AAEDDF000B3BD23 /* beachBook.png */; };
		884E73851AAC6777009A2FDB /* LaunchScreen.xib in Resources */ = {isa = PBXBuildFile; fileRef = 884E73841AAC6777009A2FDB /* LaunchScreen.xib */; };
		8856D3741AAB8EAF00D92C79 /* AppDelegate.swift in Sources */ = {isa = PBXBuildFile; fileRef = 8856D3731AAB8EAF00D92C79 /* AppDelegate.swift */; };
		8856D3781AAB8EAF00D92C79 /* GameScene.swift in Sources */ = {isa = PBXBuildFile; fileRef = 8856D3771AAB8EAF00D92C79 /* GameScene.swift */; };
		8856D37A1AAB8EAF00D92C79 /* GameViewController.swift in Sources */ = {isa = PBXBuildFile; fileRef = 8856D3791AAB8EAF00D92C79 /* GameViewController.swift */; };
		8856D37D1AAB8EAF00D92C79 /* Main.storyboard in Resources */ = {isa = PBXBuildFile; fileRef = 8856D37B1AAB8EAF00D92C79 /* Main.storyboard */; };
		8856D38E1AAB8EAF00D92C79 /* readingAppTests.swift in Sources */ = {isa = PBXBuildFile; fileRef = 8856D38D1AAB8EAF00D92C79 /* readingAppTests.swift */; };
		8856D3981AAB8F0800D92C79 /* MainMenu.swift in Sources */ = {isa = PBXBuildFile; fileRef = 8856D3971AAB8F0800D92C79 /* MainMenu.swift */; };
		8856D39C1AAB8F5B00D92C79 /* mainMenu.png in Resources */ = {isa = PBXBuildFile; fileRef = 8856D39A1AAB8F5B00D92C79 /* mainMenu.png */; };
		8856D39D1AAB8F5B00D92C79 /* scene1.png in Resources */ = {isa = PBXBuildFile; fileRef = 8856D39B1AAB8F5B00D92C79 /* scene1.png */; };
		886A29661AB71C6F00630B3B /* scene3.swift in Sources */ = {isa = PBXBuildFile; fileRef = 886A29651AB71C6F00630B3B /* scene3.swift */; };
		8871F0091AAC41DA0065880F /* scene2.png in Resources */ = {isa = PBXBuildFile; fileRef = 8871F0081AAC41DA0065880F /* scene2.png */; };
		8871F0101AAC497E0065880F /* BeachScene1.swift in Sources */ = {isa = PBXBuildFile; fileRef = 8871F00F1AAC497E0065880F /* BeachScene1.swift */; };
		88D379C31AB602DC0065EAA7 /* File.swift in Sources */ = {isa = PBXBuildFile; fileRef = 88D379C21AB602DC0065EAA7 /* File.swift */; };
		88D379C91AB603010065EAA7 /* book2.png in Resources */ = {isa = PBXBuildFile; fileRef = 88D379C41AB603010065EAA7 /* book2.png */; };
		88D379CA1AB603010065EAA7 /* book3.png in Resources */ = {isa = PBXBuildFile; fileRef = 88D379C51AB603010065EAA7 /* book3.png */; };
		88D379CB1AB603010065EAA7 /* book4.png in Resources */ = {isa = PBXBuildFile; fileRef = 88D379C61AB603010065EAA7 /* book4.png */; };
		88D379CC1AB603010065EAA7 /* book5.png in Resources */ = {isa = PBXBuildFile; fileRef = 88D379C71AB603010065EAA7 /* book5.png */; };
		88D379CD1AB603010065EAA7 /* book6.png in Resources */ = {isa = PBXBuildFile; fileRef = 88D379C81AB603010065EAA7 /* book6.png */; };
		88D5ED2B1AADB0D9008C88F1 /* BookObject.swift in Sources */ = {isa = PBXBuildFile; fileRef = 88D5ED2A1AADB0D9008C88F1 /* BookObject.swift */; };
/* End PBXBuildFile section */

/* Begin PBXContainerItemProxy section */
		8856D3881AAB8EAF00D92C79 /* PBXContainerItemProxy */ = {
			isa = PBXContainerItemProxy;
			containerPortal = 8856D3661AAB8EAF00D92C79 /* Project object */;
			proxyType = 1;
			remoteGlobalIDString = 8856D36D1AAB8EAF00D92C79;
			remoteInfo = readingApp;
		};
/* End PBXContainerItemProxy section */

/* Begin PBXFileReference section */
		884713C11AAEDDF000B3BD23 /* beachBook.png */ = {isa = PBXFileReference; lastKnownFileType = image.png; path = beachBook.png; sourceTree = "<group>"; };
		884E73841AAC6777009A2FDB /* LaunchScreen.xib */ = {isa = PBXFileReference; fileEncoding = 4; lastKnownFileType = file.xib; path = LaunchScreen.xib; sourceTree = "<group>"; };
		8856D36E1AAB8EAF00D92C79 /* readingApp.app */ = {isa = PBXFileReference; explicitFileType = wrapper.application; includeInIndex = 0; path = readingApp.app; sourceTree = BUILT_PRODUCTS_DIR; };
		8856D3721AAB8EAF00D92C79 /* Info.plist */ = {isa = PBXFileReference; lastKnownFileType = text.plist.xml; path = Info.plist; sourceTree = "<group>"; };
		8856D3731AAB8EAF00D92C79 /* AppDelegate.swift */ = {isa = PBXFileReference; lastKnownFileType = sourcecode.swift; path = AppDelegate.swift; sourceTree = "<group>"; };
		8856D3771AAB8EAF00D92C79 /* GameScene.swift */ = {isa = PBXFileReference; lastKnownFileType = sourcecode.swift; path = GameScene.swift; sourceTree = "<group>"; };
		8856D3791AAB8EAF00D92C79 /* GameViewController.swift */ = {isa = PBXFileReference; lastKnownFileType = sourcecode.swift; path = GameViewController.swift; sourceTree = "<group>"; };
		8856D37C1AAB8EAF00D92C79 /* Base */ = {isa = PBXFileReference; lastKnownFileType = file.storyboard; name = Base; path = Base.lproj/Main.storyboard; sourceTree = "<group>"; };
		8856D3871AAB8EAF00D92C79 /* readingAppTests.xctest */ = {isa = PBXFileReference; explicitFileType = wrapper.cfbundle; includeInIndex = 0; path = readingAppTests.xctest; sourceTree = BUILT_PRODUCTS_DIR; };
		8856D38C1AAB8EAF00D92C79 /* Info.plist */ = {isa = PBXFileReference; lastKnownFileType = text.plist.xml; path = Info.plist; sourceTree = "<group>"; };
		8856D38D1AAB8EAF00D92C79 /* readingAppTests.swift */ = {isa = PBXFileReference; lastKnownFileType = sourcecode.swift; path = readingAppTests.swift; sourceTree = "<group>"; };
		8856D3971AAB8F0800D92C79 /* MainMenu.swift */ = {isa = PBXFileReference; fileEncoding = 4; lastKnownFileType = sourcecode.swift; path = MainMenu.swift; sourceTree = "<group>"; };
		8856D39A1AAB8F5B00D92C79 /* mainMenu.png */ = {isa = PBXFileReference; lastKnownFileType = image.png; path = mainMenu.png; sourceTree = "<group>"; };
		8856D39B1AAB8F5B00D92C79 /* scene1.png */ = {isa = PBXFileReference; lastKnownFileType = image.png; path = scene1.png; sourceTree = "<group>"; };
		886A29651AB71C6F00630B3B /* scene3.swift */ = {isa = PBXFileReference; fileEncoding = 4; lastKnownFileType = sourcecode.swift; path = scene3.swift; sourceTree = "<group>"; };
		8871F0081AAC41DA0065880F /* scene2.png */ = {isa = PBXFileReference; lastKnownFileType = image.png; path = scene2.png; sourceTree = "<group>"; };
		8871F00F1AAC497E0065880F /* BeachScene1.swift */ = {isa = PBXFileReference; fileEncoding = 4; lastKnownFileType = sourcecode.swift; name = BeachScene1.swift; path = ../BeachScene1.swift; sourceTree = "<group>"; };
		88D379C21AB602DC0065EAA7 /* File.swift */ = {isa = PBXFileReference; fileEncoding = 4; lastKnownFileType = sourcecode.swift; path = File.swift; sourceTree = "<group>"; };
		88D379C41AB603010065EAA7 /* book2.png */ = {isa = PBXFileReference; lastKnownFileType = image.png; path = book2.png; sourceTree = "<group>"; };
		88D379C51AB603010065EAA7 /* book3.png */ = {isa = PBXFileReference; lastKnownFileType = image.png; path = book3.png; sourceTree = "<group>"; };
		88D379C61AB603010065EAA7 /* book4.png */ = {isa = PBXFileReference; lastKnownFileType = image.png; path = book4.png; sourceTree = "<group>"; };
		88D379C71AB603010065EAA7 /* book5.png */ = {isa = PBXFileReference; lastKnownFileType = image.png; path = book5.png; sourceTree = "<group>"; };
		88D379C81AB603010065EAA7 /* book6.png */ = {isa = PBXFileReference; lastKnownFileType = image.png; path = book6.png; sourceTree = "<group>"; };
		88D5ED2A1AADB0D9008C88F1 /* BookObject.swift */ = {isa = PBXFileReference; fileEncoding = 4; lastKnownFileType = sourcecode.swift; path = BookObject.swift; sourceTree = "<group>"; };
/* End PBXFileReference section */

/* Begin PBXFrameworksBuildPhase section */
		8856D36B1AAB8EAF00D92C79 /* Frameworks */ = {
			isa = PBXFrameworksBuildPhase;
			buildActionMask = 2147483647;
			files = (
			);
			runOnlyForDeploymentPostprocessing = 0;
		};
		8856D3841AAB8EAF00D92C79 /* Frameworks */ = {
			isa = PBXFrameworksBuildPhase;
			buildActionMask = 2147483647;
			files = (
			);
			runOnlyForDeploymentPostprocessing = 0;
		};
/* End PBXFrameworksBuildPhase section */

/* Begin PBXGroup section */
		8856D3651AAB8EAF00D92C79 = {
			isa = PBXGroup;
			children = (
				88D379C21AB602DC0065EAA7 /* File.swift */,
				8856D3701AAB8EAF00D92C79 /* readingApp */,
				8856D38A1AAB8EAF00D92C79 /* readingAppTests */,
				8856D36F1AAB8EAF00D92C79 /* Products */,
			);
			sourceTree = "<group>";
		};
		8856D36F1AAB8EAF00D92C79 /* Products */ = {
			isa = PBXGroup;
			children = (
				8856D36E1AAB8EAF00D92C79 /* readingApp.app */,
				8856D3871AAB8EAF00D92C79 /* readingAppTests.xctest */,
			);
			name = Products;
			sourceTree = "<group>";
		};
		8856D3701AAB8EAF00D92C79 /* readingApp */ = {
			isa = PBXGroup;
			children = (
				8856D3731AAB8EAF00D92C79 /* AppDelegate.swift */,
				8856D3791AAB8EAF00D92C79 /* GameViewController.swift */,
				88D5ED2C1AADB14C008C88F1 /* Menu Objects */,
				8871F00E1AAC48500065880F /* scenes */,
				8871F0071AAC40D80065880F /* images */,
				8856D37B1AAB8EAF00D92C79 /* Main.storyboard */,
				884E73841AAC6777009A2FDB /* LaunchScreen.xib */,
				8856D3711AAB8EAF00D92C79 /* Supporting Files */,
			);
			path = readingApp;
			sourceTree = "<group>";
		};
		8856D3711AAB8EAF00D92C79 /* Supporting Files */ = {
			isa = PBXGroup;
			children = (
				8856D3721AAB8EAF00D92C79 /* Info.plist */,
			);
			name = "Supporting Files";
			sourceTree = "<group>";
		};
		8856D38A1AAB8EAF00D92C79 /* readingAppTests */ = {
			isa = PBXGroup;
			children = (
				8856D38D1AAB8EAF00D92C79 /* readingAppTests.swift */,
				8856D38B1AAB8EAF00D92C79 /* Supporting Files */,
			);
			path = readingAppTests;
			sourceTree = "<group>";
		};
		8856D38B1AAB8EAF00D92C79 /* Supporting Files */ = {
			isa = PBXGroup;
			children = (
				8856D38C1AAB8EAF00D92C79 /* Info.plist */,
			);
			name = "Supporting Files";
			sourceTree = "<group>";
		};
		8871F0071AAC40D80065880F /* images */ = {
			isa = PBXGroup;
			children = (
				88D379C41AB603010065EAA7 /* book2.png */,
				88D379C51AB603010065EAA7 /* book3.png */,
				88D379C61AB603010065EAA7 /* book4.png */,
				88D379C71AB603010065EAA7 /* book5.png */,
				88D379C81AB603010065EAA7 /* book6.png */,
				884713C11AAEDDF000B3BD23 /* beachBook.png */,
				8871F0081AAC41DA0065880F /* scene2.png */,
				8856D39A1AAB8F5B00D92C79 /* mainMenu.png */,
				8856D39B1AAB8F5B00D92C79 /* scene1.png */,
			);
			name = images;
			sourceTree = "<group>";
		};
		8871F00E1AAC48500065880F /* scenes */ = {
			isa = PBXGroup;
			children = (
				886A29651AB71C6F00630B3B /* scene3.swift */,
				8871F00F1AAC497E0065880F /* BeachScene1.swift */,
				8856D3771AAB8EAF00D92C79 /* GameScene.swift */,
				8856D3971AAB8F0800D92C79 /* MainMenu.swift */,
			);
			name = scenes;
			sourceTree = "<group>";
		};
		88D5ED2C1AADB14C008C88F1 /* Menu Objects */ = {
			isa = PBXGroup;
			children = (
				88D5ED2A1AADB0D9008C88F1 /* BookObject.swift */,
			);
			name = "Menu Objects";
			sourceTree = "<group>";
		};
/* End PBXGroup section */

/* Begin PBXNativeTarget section */
		8856D36D1AAB8EAF00D92C79 /* readingApp */ = {
			isa = PBXNativeTarget;
			buildConfigurationList = 8856D3911AAB8EAF00D92C79 /* Build configuration list for PBXNativeTarget "readingApp" */;
			buildPhases = (
				8856D36A1AAB8EAF00D92C79 /* Sources */,
				8856D36B1AAB8EAF00D92C79 /* Frameworks */,
				8856D36C1AAB8EAF00D92C79 /* Resources */,
			);
			buildRules = (
			);
			dependencies = (
			);
			name = readingApp;
			productName = readingApp;
			productReference = 8856D36E1AAB8EAF00D92C79 /* readingApp.app */;
			productType = "com.apple.product-type.application";
		};
		8856D3861AAB8EAF00D92C79 /* readingAppTests */ = {
			isa = PBXNativeTarget;
			buildConfigurationList = 8856D3941AAB8EAF00D92C79 /* Build configuration list for PBXNativeTarget "readingAppTests" */;
			buildPhases = (
				8856D3831AAB8EAF00D92C79 /* Sources */,
				8856D3841AAB8EAF00D92C79 /* Frameworks */,
				8856D3851AAB8EAF00D92C79 /* Resources */,
			);
			buildRules = (
			);
			dependencies = (
				8856D3891AAB8EAF00D92C79 /* PBXTargetDependency */,
			);
			name = readingAppTests;
			productName = readingAppTests;
			productReference = 8856D3871AAB8EAF00D92C79 /* readingAppTests.xctest */;
			productType = "com.apple.product-type.bundle.unit-test";
		};
/* End PBXNativeTarget section */

/* Begin PBXProject section */
		8856D3661AAB8EAF00D92C79 /* Project object */ = {
			isa = PBXProject;
			attributes = {
				LastUpgradeCheck = 0610;
				ORGANIZATIONNAME = "Cristiano Santos-Pinto";
				TargetAttributes = {
					8856D36D1AAB8EAF00D92C79 = {
						CreatedOnToolsVersion = 6.1;
					};
					8856D3861AAB8EAF00D92C79 = {
						CreatedOnToolsVersion = 6.1;
						TestTargetID = 8856D36D1AAB8EAF00D92C79;
					};
				};
			};
			buildConfigurationList = 8856D3691AAB8EAF00D92C79 /* Build configuration list for PBXProject "readingApp" */;
			compatibilityVersion = "Xcode 3.2";
			developmentRegion = English;
			hasScannedForEncodings = 0;
			knownRegions = (
				en,
				Base,
			);
			mainGroup = 8856D3651AAB8EAF00D92C79;
			productRefGroup = 8856D36F1AAB8EAF00D92C79 /* Products */;
			projectDirPath = "";
			projectRoot = "";
			targets = (
				8856D36D1AAB8EAF00D92C79 /* readingApp */,
				8856D3861AAB8EAF00D92C79 /* readingAppTests */,
			);
		};
/* End PBXProject section */

/* Begin PBXResourcesBuildPhase section */
		8856D36C1AAB8EAF00D92C79 /* Resources */ = {
			isa = PBXResourcesBuildPhase;
			buildActionMask = 2147483647;
			files = (
				8856D39C1AAB8F5B00D92C79 /* mainMenu.png in Resources */,
				88D379C91AB603010065EAA7 /* book2.png in Resources */,
				88D379CA1AB603010065EAA7 /* book3.png in Resources */,
				8856D39D1AAB8F5B00D92C79 /* scene1.png in Resources */,
				884E73851AAC6777009A2FDB /* LaunchScreen.xib in Resources */,
				88D379CD1AB603010065EAA7 /* book6.png in Resources */,
				88D379CC1AB603010065EAA7 /* book5.png in Resources */,
				884713C21AAEDDF000B3BD23 /* beachBook.png in Resources */,
				8856D37D1AAB8EAF00D92C79 /* Main.storyboard in Resources */,
				8871F0091AAC41DA0065880F /* scene2.png in Resources */,
				88D379CB1AB603010065EAA7 /* book4.png in Resources */,
			);
			runOnlyForDeploymentPostprocessing = 0;
		};
		8856D3851AAB8EAF00D92C79 /* Resources */ = {
			isa = PBXResourcesBuildPhase;
			buildActionMask = 2147483647;
			files = (
			);
			runOnlyForDeploymentPostprocessing = 0;
		};
/* End PBXResourcesBuildPhase section */

/* Begin PBXSourcesBuildPhase section */
		8856D36A1AAB8EAF00D92C79 /* Sources */ = {
			isa = PBXSourcesBuildPhase;
			buildActionMask = 2147483647;
			files = (
				886A29661AB71C6F00630B3B /* scene3.swift in Sources */,
				8871F0101AAC497E0065880F /* BeachScene1.swift in Sources */,
				8856D3781AAB8EAF00D92C79 /* GameScene.swift in Sources */,
				88D379C31AB602DC0065EAA7 /* File.swift in Sources */,
				8856D37A1AAB8EAF00D92C79 /* GameViewController.swift in Sources */,
				88D5ED2B1AADB0D9008C88F1 /* BookObject.swift in Sources */,
				8856D3741AAB8EAF00D92C79 /* AppDelegate.swift in Sources */,
				8856D3981AAB8F0800D92C79 /* MainMenu.swift in Sources */,
			);
			runOnlyForDeploymentPostprocessing = 0;
		};
		8856D3831AAB8EAF00D92C79 /* Sources */ = {
			isa = PBXSourcesBuildPhase;
			buildActionMask = 2147483647;
			files = (
				8856D38E1AAB8EAF00D92C79 /* readingAppTests.swift in Sources */,
			);
			runOnlyForDeploymentPostprocessing = 0;
		};
/* End PBXSourcesBuildPhase section */

/* Begin PBXTargetDependency section */
		8856D3891AAB8EAF00D92C79 /* PBXTargetDependency */ = {
			isa = PBXTargetDependency;
			target = 8856D36D1AAB8EAF00D92C79 /* readingApp */;
			targetProxy = 8856D3881AAB8EAF00D92C79 /* PBXContainerItemProxy */;
		};
/* End PBXTargetDependency section */

/* Begin PBXVariantGroup section */
		8856D37B1AAB8EAF00D92C79 /* Main.storyboard */ = {
			isa = PBXVariantGroup;
			children = (
				8856D37C1AAB8EAF00D92C79 /* Base */,
			);
			name = Main.storyboard;
			sourceTree = "<group>";
		};
/* End PBXVariantGroup section */

/* Begin XCBuildConfiguration section */
		8856D38F1AAB8EAF00D92C79 /* Debug */ = {
			isa = XCBuildConfiguration;
			buildSettings = {
				ALWAYS_SEARCH_USER_PATHS = NO;
				CLANG_CXX_LANGUAGE_STANDARD = "gnu++0x";
				CLANG_CXX_LIBRARY = "libc++";
				CLANG_ENABLE_MODULES = YES;
				CLANG_ENABLE_OBJC_ARC = YES;
				CLANG_WARN_BOOL_CONVERSION = YES;
				CLANG_WARN_CONSTANT_CONVERSION = YES;
				CLANG_WARN_DIRECT_OBJC_ISA_USAGE = YES_ERROR;
				CLANG_WARN_EMPTY_BODY = YES;
				CLANG_WARN_ENUM_CONVERSION = YES;
				CLANG_WARN_INT_CONVERSION = YES;
				CLANG_WARN_OBJC_ROOT_CLASS = YES_ERROR;
				CLANG_WARN_UNREACHABLE_CODE = YES;
				CLANG_WARN__DUPLICATE_METHOD_MATCH = YES;
				"CODE_SIGN_IDENTITY[sdk=iphoneos*]" = "iPhone Developer";
				COPY_PHASE_STRIP = NO;
				ENABLE_STRICT_OBJC_MSGSEND = YES;
				GCC_C_LANGUAGE_STANDARD = gnu99;
				GCC_DYNAMIC_NO_PIC = NO;
				GCC_OPTIMIZATION_LEVEL = 0;
				GCC_PREPROCESSOR_DEFINITIONS = (
					"DEBUG=1",
					"$(inherited)",
				);
				GCC_SYMBOLS_PRIVATE_EXTERN = NO;
				GCC_WARN_64_TO_32_BIT_CONVERSION = YES;
				GCC_WARN_ABOUT_RETURN_TYPE = YES_ERROR;
				GCC_WARN_UNDECLARED_SELECTOR = YES;
				GCC_WARN_UNINITIALIZED_AUTOS = YES_AGGRESSIVE;
				GCC_WARN_UNUSED_FUNCTION = YES;
				GCC_WARN_UNUSED_VARIABLE = YES;
				IPHONEOS_DEPLOYMENT_TARGET = 8.1;
				MTL_ENABLE_DEBUG_INFO = YES;
				ONLY_ACTIVE_ARCH = YES;
				SDKROOT = iphoneos;
				SWIFT_OPTIMIZATION_LEVEL = "-Onone";
				TARGETED_DEVICE_FAMILY = "1,2";
			};
			name = Debug;
		};
		8856D3901AAB8EAF00D92C79 /* Release */ = {
			isa = XCBuildConfiguration;
			buildSettings = {
				ALWAYS_SEARCH_USER_PATHS = NO;
				CLANG_CXX_LANGUAGE_STANDARD = "gnu++0x";
				CLANG_CXX_LIBRARY = "libc++";
				CLANG_ENABLE_MODULES = YES;
				CLANG_ENABLE_OBJC_ARC = YES;
				CLANG_WARN_BOOL_CONVERSION = YES;
				CLANG_WARN_CONSTANT_CONVERSION = YES;
				CLANG_WARN_DIRECT_OBJC_ISA_USAGE = YES_ERROR;
				CLANG_WARN_EMPTY_BODY = YES;
				CLANG_WARN_ENUM_CONVERSION = YES;
				CLANG_WARN_INT_CONVERSION = YES;
				CLANG_WARN_OBJC_ROOT_CLASS = YES_ERROR;
				CLANG_WARN_UNREACHABLE_CODE = YES;
				CLANG_WARN__DUPLICATE_METHOD_MATCH = YES;
				"CODE_SIGN_IDENTITY[sdk=iphoneos*]" = "iPhone Developer";
				COPY_PHASE_STRIP = YES;
				ENABLE_NS_ASSERTIONS = NO;
				ENABLE_STRICT_OBJC_MSGSEND = YES;
				GCC_C_LANGUAGE_STANDARD = gnu99;
				GCC_WARN_64_TO_32_BIT_CONVERSION = YES;
				GCC_WARN_ABOUT_RETURN_TYPE = YES_ERROR;
				GCC_WARN_UNDECLARED_SELECTOR = YES;
				GCC_WARN_UNINITIALIZED_AUTOS = YES_AGGRESSIVE;
				GCC_WARN_UNUSED_FUNCTION = YES;
				GCC_WARN_UNUSED_VARIABLE = YES;
				IPHONEOS_DEPLOYMENT_TARGET = 8.1;
				MTL_ENABLE_DEBUG_INFO = NO;
				SDKROOT = iphoneos;
				TARGETED_DEVICE_FAMILY = "1,2";
				VALIDATE_PRODUCT = YES;
			};
			name = Release;
		};
		8856D3921AAB8EAF00D92C79 /* Debug */ = {
			isa = XCBuildConfiguration;
			buildSettings = {
				ASSETCATALOG_COMPILER_APPICON_NAME = AppIcon;
				INFOPLIST_FILE = readingApp/Info.plist;
				LD_RUNPATH_SEARCH_PATHS = "$(inherited) @executable_path/Frameworks";
				PRODUCT_NAME = "$(TARGET_NAME)";
			};
			name = Debug;
		};
		8856D3931AAB8EAF00D92C79 /* Release */ = {
			isa = XCBuildConfiguration;
			buildSettings = {
				ASSETCATALOG_COMPILER_APPICON_NAME = AppIcon;
				INFOPLIST_FILE = readingApp/Info.plist;
				LD_RUNPATH_SEARCH_PATHS = "$(inherited) @executable_path/Frameworks";
				PRODUCT_NAME = "$(TARGET_NAME)";
			};
			name = Release;
		};
		8856D3951AAB8EAF00D92C79 /* Debug */ = {
			isa = XCBuildConfiguration;
			buildSettings = {
				BUNDLE_LOADER = "$(TEST_HOST)";
				FRAMEWORK_SEARCH_PATHS = (
					"$(SDKROOT)/Developer/Library/Frameworks",
					"$(inherited)",
				);
				GCC_PREPROCESSOR_DEFINITIONS = (
					"DEBUG=1",
					"$(inherited)",
				);
				INFOPLIST_FILE = readingAppTests/Info.plist;
				LD_RUNPATH_SEARCH_PATHS = "$(inherited) @executable_path/Frameworks @loader_path/Frameworks";
				PRODUCT_NAME = "$(TARGET_NAME)";
				TEST_HOST = "$(BUILT_PRODUCTS_DIR)/readingApp.app/readingApp";
			};
			name = Debug;
		};
		8856D3961AAB8EAF00D92C79 /* Release */ = {
			isa = XCBuildConfiguration;
			buildSettings = {
				BUNDLE_LOADER = "$(TEST_HOST)";
				FRAMEWORK_SEARCH_PATHS = (
					"$(SDKROOT)/Developer/Library/Frameworks",
					"$(inherited)",
				);
				INFOPLIST_FILE = readingAppTests/Info.plist;
				LD_RUNPATH_SEARCH_PATHS = "$(inherited) @executable_path/Frameworks @loader_path/Frameworks";
				PRODUCT_NAME = "$(TARGET_NAME)";
				TEST_HOST = "$(BUILT_PRODUCTS_DIR)/readingApp.app/readingApp";
			};
			name = Release;
		};
/* End XCBuildConfiguration section */

/* Begin XCConfigurationList section */
		8856D3691AAB8EAF00D92C79 /* Build configuration list for PBXProject "readingApp" */ = {
			isa = XCConfigurationList;
			buildConfigurations = (
				8856D38F1AAB8EAF00D92C79 /* Debug */,
				8856D3901AAB8EAF00D92C79 /* Release */,
			);
			defaultConfigurationIsVisible = 0;
			defaultConfigurationName = Release;
		};
		8856D3911AAB8EAF00D92C79 /* Build configuration list for PBXNativeTarget "readingApp" */ = {
			isa = XCConfigurationList;
			buildConfigurations = (
				8856D3921AAB8EAF00D92C79 /* Debug */,
				8856D3931AAB8EAF00D92C79 /* Release */,
			);
			defaultConfigurationIsVisible = 0;
			defaultConfigurationName = Release;
		};
		8856D3941AAB8EAF00D92C79 /* Build configuration list for PBXNativeTarget "readingAppTests" */ = {
			isa = XCConfigurationList;
			buildConfigurations = (
				8856D3951AAB8EAF00D92C79 /* Debug */,
				8856D3961AAB8EAF00D92C79 /* Release */,
			);
			defaultConfigurationIsVisible = 0;
			defaultConfigurationName = Release;
		};
/* End XCConfigurationList section */
	};
	rootObject = 8856D3661AAB8EAF00D92C79 /* Project object */;
}
